
Microsoft Visual Studio Solution File, Format Version 12.00
# Visual Studio Version 16
VisualStudioVersion = 16.0.30907.101
MinimumVisualStudioVersion = 10.0.40219.1
Project("{9A19103F-16F7-4668-BE54-9A1E7A4F7556}") = "Ze-Clowns-Angular", "Ze-Clowns-Angular\Ze-Clowns-Angular.csproj", "{E58A7731-86CF-4D05-A30B-0A4FF493FF2E}"
EndProject
Project("{FAE04EC0-301F-11D3-BF4B-00C04F79EFBC}") = "Ze-Clowns-WebAPI", "Ze-Clowns-WebAPI\Ze-Clowns-WebAPI.csproj", "{98759F15-0B7E-4BDC-AB73-D061FFE5778B}"
EndProject
Global
	GlobalSection(SolutionConfigurationPlatforms) = preSolution
		Debug|Any CPU = Debug|Any CPU
		Release|Any CPU = Release|Any CPU
	EndGlobalSection
	GlobalSection(ProjectConfigurationPlatforms) = postSolution
		{E58A7731-86CF-4D05-A30B-0A4FF493FF2E}.Debug|Any CPU.ActiveCfg = Debug|Any CPU
		{E58A7731-86CF-4D05-A30B-0A4FF493FF2E}.Debug|Any CPU.Build.0 = Debug|Any CPU
		{E58A7731-86CF-4D05-A30B-0A4FF493FF2E}.Release|Any CPU.ActiveCfg = Release|Any CPU
		{E58A7731-86CF-4D05-A30B-0A4FF493FF2E}.Release|Any CPU.Build.0 = Release|Any CPU
		{98759F15-0B7E-4BDC-AB73-D061FFE5778B}.Debug|Any CPU.ActiveCfg = Debug|Any CPU
		{98759F15-0B7E-4BDC-AB73-D061FFE5778B}.Debug|Any CPU.Build.0 = Debug|Any CPU
		{98759F15-0B7E-4BDC-AB73-D061FFE5778B}.Release|Any CPU.ActiveCfg = Release|Any CPU
		{98759F15-0B7E-4BDC-AB73-D061FFE5778B}.Release|Any CPU.Build.0 = Release|Any CPU
	EndGlobalSection
	GlobalSection(SolutionProperties) = preSolution
		HideSolutionNode = FALSE
	EndGlobalSection
	GlobalSection(ExtensibilityGlobals) = postSolution
		SolutionGuid = {98426749-DD3C-471D-9556-873E19F7356B}
	EndGlobalSection
EndGlobal
